// !$*UTF8*$!
{
	archiveVersion = 1;
	classes = {
	};
	objectVersion = 56;
	objects = {

/* Begin PBXBuildFile section */
		1D6058900D05DD3D006BFB54 /* AppDelegate.swift in Sources */ = {isa = PBXBuildFile; fileRef = 1D60588F0D05DD3D006BFB54 /* AppDelegate.swift */; };
		1D6058920D05DD3D006BFB54 /* SceneDelegate.swift in Sources */ = {isa = PBXBuildFile; fileRef = 1D6058910D05DD3D006BFB54 /* SceneDelegate.swift */; };
		1D6058940D05DD3D006BFB54 /* ViewController.swift in Sources */ = {isa = PBXBuildFile; fileRef = 1D6058930D05DD3D006BFB54 /* ViewController.swift */; };
		1D6058A10D05DD3D006BFB54 /* BookshelfViewController.swift in Sources */ = {isa = PBXBuildFile; fileRef = 1D6058A20D05DD3D006BFB54 /* BookshelfViewController.swift */; };
		1D6058A30D05DD3D006BFB54 /* ReaderViewController.swift in Sources */ = {isa = PBXBuildFile; fileRef = 1D6058A40D05DD3D006BFB54 /* ReaderViewController.swift */; };
		1D6058A50D05DD3D006BFB54 /* Book.swift in Sources */ = {isa = PBXBuildFile; fileRef = 1D6058A60D05DD3D006BFB54 /* Book.swift */; };
		1D6058A70D05DD3D006BFB54 /* BookChapter.swift in Sources */ = {isa = PBXBuildFile; fileRef = 1D6058A80D05DD3D006BFB54 /* BookChapter.swift */; };
		1D6058A90D05DD3D006BFB54 /* BookProgress.swift in Sources */ = {isa = PBXBuildFile; fileRef = 1D6058AA0D05DD3D006BFB54 /* BookProgress.swift */; };
		1D6058AB0D05DD3D006BFB54 /* BookSource.swift in Sources */ = {isa = PBXBuildFile; fileRef = 1D6058AC0D05DD3D006BFB54 /* BookSource.swift */; };
		1D6058AD0D05DD3D006BFB54 /* ContentRule.swift in Sources */ = {isa = PBXBuildFile; fileRef = 1D6058AE0D05DD3D006BFB54 /* ContentRule.swift */; };
		1D6058AF0D05DD3D006BFB54 /* DatabaseManager.swift in Sources */ = {isa = PBXBuildFile; fileRef = 1D6058B00D05DD3D006BFB54 /* DatabaseManager.swift */; };
		1D6058B10D05DD3D006BFB54 /* ImageCache.swift in Sources */ = {isa = PBXBuildFile; fileRef = 1D6058B20D05DD3D006BFB54 /* ImageCache.swift */; };
		1D6058B30D05DD3D006BFB54 /* NetworkService.swift in Sources */ = {isa = PBXBuildFile; fileRef = 1D6058B40D05DD3D006BFB54 /* NetworkService.swift */; };
		1D6058B50D05DD3D006BFB54 /* ReadBook.swift in Sources */ = {isa = PBXBuildFile; fileRef = 1D6058B60D05DD3D006BFB54 /* ReadBook.swift */; };
		1D6058960D05DD3D006BFB54 /* Main.storyboard in Resources */ = {isa = PBXBuildFile; fileRef = 1D6058950D05DD3D006BFB54 /* Main.storyboard */; };
		1D6058980D05DD3D006BFB54 /* LaunchScreen.storyboard in Resources */ = {isa = PBXBuildFile; fileRef = 1D6058970D05DD3D006BFB54 /* LaunchScreen.storyboard */; };
		1D60589A0D05DD3D006BFB54 /* Info.plist in Resources */ = {isa = PBXBuildFile; fileRef = 1D6058990D05DD3D006BFB54 /* Info.plist */; };
/* End PBXBuildFile section */

/* Begin PBXFileReference section */
		1D60588E0D05DD3D006BFB54 /* Legado.app */ = {isa = PBXFileReference; explicitFileType = wrapper.application; includeInIndex = 0; path = Legado.app; sourceTree = BUILT_PRODUCTS_DIR; };
		1D60588F0D05DD3D006BFB54 /* AppDelegate.swift */ = {isa = PBXFileReference; lastKnownFileType = sourcecode.swift; path = AppDelegate.swift; sourceTree = "<group>"; };
		1D6058910D05DD3D006BFB54 /* SceneDelegate.swift */ = {isa = PBXFileReference; lastKnownFileType = sourcecode.swift; path = SceneDelegate.swift; sourceTree = "<group>"; };
		1D6058930D05DD3D006BFB54 /* ViewController.swift */ = {isa = PBXFileReference; lastKnownFileType = sourcecode.swift; path = ViewController.swift; sourceTree = "<group>"; };
		1D6058A20D05DD3D006BFB54 /* BookshelfViewController.swift */ = {isa = PBXFileReference; lastKnownFileType = sourcecode.swift; path = Controllers/BookshelfViewController.swift; sourceTree = "<group>"; };
		1D6058A40D05DD3D006BFB54 /* ReaderViewController.swift */ = {isa = PBXFileReference; lastKnownFileType = sourcecode.swift; path = Controllers/ReaderViewController.swift; sourceTree = "<group>"; };
		1D6058A60D05DD3D006BFB54 /* Book.swift */ = {isa = PBXFileReference; lastKnownFileType = sourcecode.swift; path = Models/Book.swift; sourceTree = "<group>"; };
		1D6058A80D05DD3D006BFB54 /* BookChapter.swift */ = {isa = PBXFileReference; lastKnownFileType = sourcecode.swift; path = Models/BookChapter.swift; sourceTree = "<group>"; };
		1D6058AA0D05DD3D006BFB54 /* BookProgress.swift */ = {isa = PBXFileReference; lastKnownFileType = sourcecode.swift; path = Models/BookProgress.swift; sourceTree = "<group>"; };
		1D6058AC0D05DD3D006BFB54 /* BookSource.swift */ = {isa = PBXFileReference; lastKnownFileType = sourcecode.swift; path = Models/BookSource.swift; sourceTree = "<group>"; };
		1D6058AE0D05DD3D006BFB54 /* ContentRule.swift */ = {isa = PBXFileReference; lastKnownFileType = sourcecode.swift; path = Models/ContentRule.swift; sourceTree = "<group>"; };
		1D6058B00D05DD3D006BFB54 /* DatabaseManager.swift */ = {isa = PBXFileReference; lastKnownFileType = sourcecode.swift; path = Services/DatabaseManager.swift; sourceTree = "<group>"; };
		1D6058B20D05DD3D006BFB54 /* ImageCache.swift */ = {isa = PBXFileReference; lastKnownFileType = sourcecode.swift; path = Services/ImageCache.swift; sourceTree = "<group>"; };
		1D6058B40D05DD3D006BFB54 /* NetworkService.swift */ = {isa = PBXFileReference; lastKnownFileType = sourcecode.swift; path = Services/NetworkService.swift; sourceTree = "<group>"; };
		1D6058B60D05DD3D006BFB54 /* ReadBook.swift */ = {isa = PBXFileReference; lastKnownFileType = sourcecode.swift; path = Services/ReadBook.swift; sourceTree = "<group>"; };
		1D6058950D05DD3D006BFB54 /* Main.storyboard */ = {isa = PBXFileReference; lastKnownFileType = file.storyboard; path = Main.storyboard; sourceTree = "<group>"; };
		1D6058970D05DD3D006BFB54 /* LaunchScreen.storyboard */ = {isa = PBXFileReference; lastKnownFileType = file.storyboard; path = LaunchScreen.storyboard; sourceTree = "<group>"; };
		1D6058990D05DD3D006BFB54 /* Info.plist */ = {isa = PBXFileReference; lastKnownFileType = text.plist.xml; path = Info.plist; sourceTree = "<group>"; };
/* End PBXFileReference section */

/* Begin PBXFrameworksBuildPhase section */
		1D60588C0D05DD3D006BFB54 /* Frameworks */ = {
			isa = PBXFrameworksBuildPhase;
			buildActionMask = 2147483647;
			files = (
			);
			runOnlyForDeploymentPostprocessing = 0;
		};
/* End PBXFrameworksBuildPhase section */

/* Begin PBXResourcesBuildPhase section */
		1D6058A00D05DD3D006BFB54 /* Resources */ = {
			isa = PBXResourcesBuildPhase;
			buildActionMask = 2147483647;
			files = (
				1D6058960D05DD3D006BFB54 /* Main.storyboard in Resources */,
				1D6058980D05DD3D006BFB54 /* LaunchScreen.storyboard in Resources */,
				1D60589A0D05DD3D006BFB54 /* Info.plist in Resources */,
			);
			runOnlyForDeploymentPostprocessing = 0;
		};
/* End PBXResourcesBuildPhase section */

/* Begin PBXGroup section */
		1D6058850D05DD3D006BFB54 = {
			isa = PBXGroup;
			children = (
				1D6058860D05DD3D006BFB54 /* Legado */,
				1D60589F0D05DD3D006BFB54 /* Products */,
			);
			sourceTree = "<group>";
		};
		1D6058860D05DD3D006BFB54 = {
			isa = PBXGroup;
			children = (
				1D60588F0D05DD3D006BFB54 /* AppDelegate.swift */,
				1D6058910D05DD3D006BFB54 /* SceneDelegate.swift */,
				1D6058930D05DD3D006BFB54 /* ViewController.swift */,
				1D6058B70D05DD3D006BFB54 /* Controllers */,
				1D6058B80D05DD3D006BFB54 /* Models */,
				1D6058B90D05DD3D006BFB54 /* Services */,
				1D6058950D05DD3D006BFB54 /* Main.storyboard */,
				1D6058970D05DD3D006BFB54 /* LaunchScreen.storyboard */,
				1D6058990D05DD3D006BFB54 /* Info.plist */,
			);
			path = Legado;
			sourceTree = "<group>";
		};
		1D6058B70D05DD3D006BFB54 /* Controllers */ = {
			isa = PBXGroup;
			children = (
				1D6058A20D05DD3D006BFB54 /* BookshelfViewController.swift */,
				1D6058A40D05DD3D006BFB54 /* ReaderViewController.swift */,
			);
			path = Controllers;
			sourceTree = "<group>";
		};
		1D6058B80D05DD3D006BFB54 /* Models */ = {
			isa = PBXGroup;
			children = (
				1D6058A60D05DD3D006BFB54 /* Book.swift */,
				1D6058A80D05DD3D006BFB54 /* BookChapter.swift */,
				1D6058AA0D05DD3D006BFB54 /* BookProgress.swift */,
				1D6058AC0D05DD3D006BFB54 /* BookSource.swift */,
				1D6058AE0D05DD3D006BFB54 /* ContentRule.swift */,
			);
			path = Models;
			sourceTree = "<group>";
		};
		1D6058B90D05DD3D006BFB54 /* Services */ = {
			isa = PBXGroup;
			children = (
				1D6058B00D05DD3D006BFB54 /* DatabaseManager.swift */,
				1D6058B20D05DD3D006BFB54 /* ImageCache.swift */,
				1D6058B40D05DD3D006BFB54 /* NetworkService.swift */,
				1D6058B60D05DD3D006BFB54 /* ReadBook.swift */,
			);
			path = Services;
			sourceTree = "<group>";
		};
		1D60589F0D05DD3D006BFB54 /* Products */ = {
			isa = PBXGroup;
			children = (
				1D60588E0D05DD3D006BFB54 /* Legado.app */,
			);
			sourceTree = "<group>";
		};
/* End PBXGroup section */

/* Begin PBXNativeTarget section */
		1D60588D0D05DD3D006BFB54 /* Legado */ = {
			isa = PBXNativeTarget;
			buildConfigurationList = 1D60589E0D05DD3D006BFB54 /* Build configuration list for PBXNativeTarget "Legado" */;
			buildPhases = (
				1D60588B0D05DD3D006BFB54 /* Sources */,
				1D60588C0D05DD3D006BFB54 /* Frameworks */,
				1D6058A00D05DD3D006BFB54 /* Resources */,
			);
			buildRules = (
			);
			dependencies = (
			);
			name = Legado;
			productName = Legado;
			productReference = 1D60588E0D05DD3D006BFB54 /* Legado.app */;
			productType = "com.apple.product-type.application";
		};
/* End PBXNativeTarget section */

/* Begin PBXProject section */
		1D6058840D05DD3D006BFB54 /* Project object */ = {
			isa = PBXProject;
			attributes = {
				LastSwiftUpdateCheck = 1330;
				LastUpgradeCheck = 1330;
				ORGANIZATIONNAME = "";
				TargetAttributes = {
					1D60588D0D05DD3D006BFB54 = {
						CreatedOnToolsVersion = 13.3;
					};
				};
			};
			buildConfigurationList = 1D6058870D05DD3D006BFB54 /* Build configuration list for PBXProject "Legado" */;
			compatibilityVersion = "Xcode 13.0";
			developmentRegion = en;
			hasScannedForEncodings = 0;
			knownRegions = (
				en,
				Base,
			);
			mainGroup = 1D6058850D05DD3D006BFB54;
			productRefGroup = 1D60589F0D05DD3D006BFB54 /* Products */;
			projectDirPath = "";
			projectRoot = "";
			targets = (
				1D60588D0D05DD3D006BFB54 /* Legado */,
			);
		};
/* End PBXProject section */

/* Begin PBXSourcesBuildPhase section */
		1D60588B0D05DD3D006BFB54 /* Sources */ = {
			isa = PBXSourcesBuildPhase;
			buildActionMask = 2147483647;
			files = (
				1D605890D05DD3D006BFB54 /* AppDelegate.swift in Sources */,
				1D6058920D05DD3D006BFB54 /* SceneDelegate.swift in Sources */,
				1D6058940D05DD3D006BFB54 /* ViewController.swift in Sources */,
				1D6058A10D05DD3D006BFB54 /* BookshelfViewController.swift in Sources */,
				1D6058A30D05DD3D006BFB54 /* ReaderViewController.swift in Sources */,
				1D6058A50D05DD3D006BFB54 /* Book.swift in Sources */,
				1D6058A70D05DD3D006BFB54 /* BookChapter.swift in Sources */,
				1D6058A90D05DD3D006BFB54 /* BookProgress.swift in Sources */,
				1D6058AB0D05DD3D006BFB54 /* BookSource.swift in Sources */,
				1D6058AD0D05DD3D006BFB54 /* ContentRule.swift in Sources */,
				1D6058AF0D05DD3D006BFB54 /* DatabaseManager.swift in Sources */,
				1D6058B10D05DD3D006BFB54 /* ImageCache.swift in Sources */,
				1D6058B30D05DD3D006BFB54 /* NetworkService.swift in Sources */,
				1D6058B50D05DD3D006BFB54 /* ReadBook.swift in Sources */,
			);
			runOnlyForDeploymentPostprocessing = 0;
		};
/* End PBXSourcesBuildPhase section */

/* Begin XCBuildConfiguration section */
		1D6058880D05DD3D006BFB54 /* Debug */ = {
			isa = XCBuildConfiguration;
			buildSettings = {
				ALWAYS_SEARCH_USER_PATHS = NO;
				CLANG_ANALYZER_NONNULL = YES;
				CLANG_ANALYZER_NUMBER_OBJECT_CONVERSION = YES_AGGRESSIVE;
				CLANG_CXX_LANGUAGE_STANDARD = "gnu++20";
				CLANG_ENABLE_MODULES = YES;
				CLANG_ENABLE_OBJC_ARC = YES;
				CLANG_ENABLE_OBJC_WEAK = YES;
				CLANG_WARN_BLOCK_CAPTURE_AUTORELEASING = YES;
				CLANG_WARN_BOOL_CONVERSION = YES;
				CLANG_WARN_COMMA = YES;
				CLANG_WARN_CONSTANT_CONVERSION = YES;
				CLANG_WARN_DEPRECATED_OBJC_IMPLEMENTATIONS = YES;
				CLANG_WARN_DIRECT_OBJC_ISA_USAGE = YES_ERROR;
				CLANG_WARN_DOCUMENTATION_COMMENTS = YES;
				CLANG_WARN_EMPTY_BODY = YES;
				CLANG_WARN_ENUM_CONVERSION = YES;
				CLANG_WARN_INFINITE_RECURSION = YES;
				CLANG_WARN_INT_CONVERSION = YES;
				CLANG_WARN_NON_LITERAL_NULL_CONVERSION = YES;
				CLANG_WARN_OBJC_IMPLICIT_RETAIN_SELF = YES;
				CLANG_WARN_OBJC_LITERAL_CONVERSION = YES;
				CLANG_WARN_OBJC_ROOT_CLASS = YES_ERROR;
				CLANG_WARN_RANGE_LOOP_ANALYSIS = YES;
				CLANG_WARN_STRICT_PROTOTYPES = YES;
				CLANG_WARN_SUSPICIOUS_MOVE = YES;
				CLANG_WARN_UNGUARDED_AVAILABILITY = YES_AGGRESSIVE;
				CLANG_WARN_UNREACHABLE_CODE = YES;
				CLANG_WARN__DUPLICATE_METHOD_MATCH = YES;
				COPY_PHASE_STRIP = NO;
				DEBUG_INFORMATION_FORMAT = dwarf;
				ENABLE_STRICT_OBJC_MSGSEND = YES;
				ENABLE_TESTABILITY = YES;
				GCC_C_LANGUAGE_STANDARD = gnu11;
				GCC_DYNAMIC_NO_PIC = NO;
				GCC_NO_COMMON_BLOCKS = YES;
				GCC_OPTIMIZATION_LEVEL = 0;
				GCC_PREPROCESSOR_DEFINITIONS = (
					"DEBUG=1",
					"$(inherited)",
				);
				GCC_WARN_64_TO_32_BIT_CONVERSION = YES;
				GCC_WARN_ABOUT_RETURN_TYPE = YES_ERROR;
				GCC_WARN_UNDECLARED_SELECTOR = YES;
				GCC_WARN_UNINITIALIZED_AUTOS = YES_AGGRESSIVE;
				GCC_WARN_UNUSED_FUNCTION = YES;
				GCC_WARN_UNUSED_VARIABLE = YES;
				IOS_DEPLOYMENT_TARGET = 15.0;
				MTL_ENABLE_DEBUG_INFO = INCLUDE_SOURCE;
				MTL_FAST_MATH = YES;
				ONLY_ACTIVE_ARCH = YES;
				PRODUCT_BUNDLE_IDENTIFIER = io.legado.app;
				SDKROOT = iphoneos;
				SWIFT_ACTIVE_COMPILATION_CONDITIONS = DEBUG;
				SWIFT_OPTIMIZATION_LEVEL = "-Onone";
				SWIFT_VERSION = 5.0;
				TARGETED_DEVICE_FAMILY = "1,2";
			};
			name = Debug;
		};
		1D6058890D05DD3D006BFB54 /* Release */ = {
			isa = XCBuildConfiguration;
			buildSettings = {
				ALWAYS_SEARCH_USER_PATHS = NO;
				CLANG_ANALYZER_NONNULL = YES;
				CLANG_ANALYZER_NUMBER_OBJECT_CONVERSION = YES_AGGRESSIVE;
				CLANG_CXX_LANGUAGE_STANDARD = "gnu++20";
				CLANG_ENABLE_MODULES = YES;
				CLANG_ENABLE_OBJC_ARC = YES;
				CLANG_ENABLE_OBJC_WEAK = YES;
				CLANG_WARN_BLOCK_CAPTURE_AUTORELEASING = YES;
				CLANG_WARN_BOOL_CONVERSION = YES;
				CLANG_WARN_COMMA = YES;
				CLANG_WARN_CONSTANT_CONVERSION = YES;
				CLANG_WARN_DEPRECATED_OBJC_IMPLEMENTATIONS = YES;
				CLANG_WARN_DIRECT_OBJC_ISA_USAGE = YES_ERROR;
				CLANG_WARN_DOCUMENTATION_COMMENTS = YES;
				CLANG_WARN_EMPTY_BODY = YES;
				CLANG_WARN_ENUM_CONVERSION = YES;
				CLANG_WARN_INFINITE_RECURSION = YES;
				CLANG_WARN_INT_CONVERSION = YES;
				CLANG_WARN_NON_LITERAL_NULL_CONVERSION = YES;
				CLANG_WARN_OBJC_IMPLICIT_RETAIN_SELF = YES;
				CLANG_WARN_OBJC_LITERAL_CONVERSION = YES;
				CLANG_WARN_OBJC_ROOT_CLASS = YES_ERROR;
				CLANG_WARN_RANGE_LOOP_ANALYSIS = YES;
				CLANG_WARN_STRICT_PROTOTYPES = YES;
				CLANG_WARN_SUSPICIOUS_MOVE = YES;
				CLANG_WARN_UNGUARDED_AVAILABILITY = YES_AGGRESSIVE;
				CLANG_WARN_UNREACHABLE_CODE = YES;
				CLANG_WARN__DUPLICATE_METHOD_MATCH = YES;
				COPY_PHASE_STRIP = NO;
				DEBUG_INFORMATION_FORMAT = "dwarf-with-dsym";
				ENABLE_NS_ASSERTIONS = NO;
				ENABLE_STRICT_OBJC_MSGSEND = YES;
				GCC_C_LANGUAGE_STANDARD = gnu11;
				GCC_NO_COMMON_BLOCKS = YES;
				GCC_WARN_64_TO_32_BIT_CONVERSION = YES;
				GCC_WARN_ABOUT_RETURN_TYPE = YES_ERROR;
				GCC_WARN_UNDECLARED_SELECTOR = YES;
				GCC_WARN_UNINITIALIZED_AUTOS = YES_AGGRESSIVE;
				GCC_WARN_UNUSED_FUNCTION = YES;
				GCC_WARN_UNUSED_VARIABLE = YES;
				IOS_DEPLOYMENT_TARGET = 15.0;
				MTL_ENABLE_DEBUG_INFO = NO;
				MTL_FAST_MATH = YES;
				PRODUCT_BUNDLE_IDENTIFIER = io.legado.app;
				SDKROOT = iphoneos;
				SWIFT_COMPILATION_MODE = wholemodule;
				SWIFT_OPTIMIZATION_LEVEL = "-O";
				SWIFT_VERSION = 5.0;
				TARGETED_DEVICE_FAMILY = "1,2";
			};
			name = Release;
		};
		1D60589C0D05DD3D006BFB54 /* Debug */ = {
			isa = XCBuildConfiguration;
			buildSettings = {
				ASSETCATALOG_COMPILER_APPICON_NAME = AppIcon;
				CODE_SIGN_STYLE = Automatic;
				CURRENT_PROJECT_VERSION = 1;
				DEVELOPMENT_TEAM = "";
				GENERATE_INFOPLIST_FILE = NO;
				INFOPLIST_FILE = Legado/Info.plist;
				INFOPLIST_KEY_UIApplicationSupportsIndirectInputEvents = YES;
				INFOPLIST_KEY_UILaunchStoryboardName = LaunchScreen;
				INFOPLIST_KEY_UIMainStoryboardFile = Main;
				INFOPLIST_KEY_UISupportedInterfaceOrientations_iPad = "UIInterfaceOrientationPortrait UIInterfaceOrientationLandscapeLeft UIInterfaceOrientationLandscapeRight";
				INFOPLIST_KEY_UISupportedInterfaceOrientations_iPhone = "UIInterfaceOrientationPortrait UIInterfaceOrientationLandscapeLeft UIInterfaceOrientationLandscapeRight";
				MARKETING_VERSION = 1.0;
				PRODUCT_BUNDLE_IDENTIFIER = io.legado.app;
				PRODUCT_NAME = "$(TARGET_NAME)";
				SWIFT_EMIT_LOC_STRINGS = YES;
				SWIFT_VERSION = 5.0;
				TARGETED_DEVICE_FAMILY = "1,2";
			};
			name = Debug;
		};
		1D60589D0D05DD3D006BFB54 /* Release */ = {
			isa = XCBuildConfiguration;
			buildSettings = {
				ASSETCATALOG_COMPILER_APPICON_NAME = AppIcon;
				CODE_SIGN_STYLE = Automatic;
				CURRENT_PROJECT_VERSION = 1;
				DEVELOPMENT_TEAM = "";
				GENERATE_INFOPLIST_FILE = NO;
				INFOPLIST_FILE = Legado/Info.plist;
				INFOPLIST_KEY_UIApplicationSupportsIndirectInputEvents = YES;
				INFOPLIST_KEY_UILaunchStoryboardName = LaunchScreen;
				INFOPLIST_KEY_UIMainStoryboardFile = Main;
				INFOPLIST_KEY_UISupportedInterfaceOrientations_iPad = "UIInterfaceOrientationPortrait UIInterfaceOrientationLandscapeLeft UIInterfaceOrientationLandscapeRight";
				INFOPLIST_KEY_UISupportedInterfaceOrientations_iPhone = "UIInterfaceOrientationPortrait UIInterfaceOrientationLandscapeLeft UIInterfaceOrientationLandscapeRight";
				MARKETING_VERSION = 1.0;
				PRODUCT_BUNDLE_IDENTIFIER = io.legado.app;
				PRODUCT_NAME = "$(TARGET_NAME)";
				SWIFT_EMIT_LOC_STRINGS = YES;
				SWIFT_VERSION = 5.0;
				TARGETED_DEVICE_FAMILY = "1,2";
			};
			name = Release;
		};
/* End XCBuildConfiguration section */

/* Begin XCConfigurationList section */
		1D6058870D05DD3D006BFB54 /* Build configuration list for PBXProject "Legado" */ = {
			isa = XCConfigurationList;
			buildConfigurations = (
				1D6058880D05DD3D006BFB54 /* Debug */,
				1D6058890D05DD3D006BFB54 /* Release */,
			);
			defaultConfigurationIsVisible = 0;
			defaultConfigurationName = Release;
		};
		1D60589E0D05DD3D006BFB54 /* Build configuration list for PBXNativeTarget "Legado" */ = {
			isa = XCConfigurationList;
			buildConfigurations = (
				1D60589C0D05DD3D006BFB54 /* Debug */,
				1D60589D05DD3D006BFB54 /* Release */,
			);
			defaultConfigurationIsVisible = 0;
			defaultConfigurationName = Release;
		};
/* End XCConfigurationList section */
	};
	rootObject = 1D6058840D05DD3D006BFB54 /* Project object */;
}