// !$*UTF8*$!
{
	archiveVersion = 1;
	classes = {
	};
	objectVersion = 56;
	objects = {

/* Begin PBXBuildFile section */
		1D6058900D05DD3D006BFB54 /* AppDelegate.swift in Sources */ = {isa = PBXBuildFile; fileRef = 1D60588F0D05DD3D006BFB54 /* AppDelegate.swift */; };
		1D6058920D05DD3D006BFB54 /* SceneDelegate.swift in Sources */ = {isa = PBXBuildFile; fileRef = 1D6058910D05DD3D006BFB54 /* SceneDelegate.swift */; };
		1D6058940D05DD3D006BFB54 /* ViewController.swift in Sources */ = {isa = PBXBuildFile; fileRef = 1D6058930D05DD3D006BFB54 /* ViewController.swift */; };
		1D6058960D05DD3D006BFB54 /* Main.storyboard in Resources */ = {isa = PBXBuildFile; fileRef = 1D6058950D05DD3D006BFB54 /* Main.storyboard */; };
		1D6058980D05DD3D006BFB54 /* LaunchScreen.storyboard in Resources */ = {isa = PBXBuildFile; fileRef = 1D6058970D05DD3D006BFB54 /* LaunchScreen.storyboard */; };
/* End PBXBuildFile section */

/* Begin PBXFileReference section */
		1D60588E0D05DD3D006BFB54 /* Legado.app */ = {isa = PBXFileReference; explicitFileType = wrapper.application; includeInIndex = 0; path = Legado.app; sourceTree = BUILT_PRODUCTS_DIR; };
		1D60588F0D05DD3D006BFB54 /* AppDelegate.swift */ = {isa = PBXFileReference; lastKnownFileType = sourcecode.swift; path = AppDelegate.swift; sourceTree = "<group>"; };
		1D6058910D05DD3D006BFB54 /* SceneDelegate.swift */ = {isa = PBXFileReference; lastKnownFileType = sourcecode.swift; path = SceneDelegate.swift; sourceTree = "<group>"; };
		1D6058930D05DD3D006BFB54 /* ViewController.swift */ = {isa = PBXFileReference; lastKnownFileType = sourcecode.swift; path = ViewController.swift; sourceTree = "<group>"; };
		1D6058950D05DD3D006BFB54 /* Main.storyboard */ = {isa = PBXFileReference; lastKnownFileType = file.storyboard; path = Main.storyboard; sourceTree = "<group>"; };
		1D6058970D05DD3D006BFB54 /* LaunchScreen.storyboard */ = {isa = PBXFileReference; lastKnownFileType = file.storyboard; path = LaunchScreen.storyboard; sourceTree = "<group>"; };
		1D6058990D05DD3D006BFB54 /* Info.plist */ = {isa = PBXFileReference; lastKnownFileType = text.plist.xml; path = Info.plist; sourceTree = "<group>"; };
/* End PBXFileReference section */

/* Begin PBXFrameworksBuildPhase section */
		1D60588C0D05DD3D006BFB54 /* Frameworks */ = {
			isa = PBXFrameworksBuildPhase;
			buildActionMask = 2147483647;
			files = (
			);
			runOnlyForDeploymentPostprocessing = 0;
		};
/* End PBXFrameworksBuildPhase section */

/* Begin PBXGroup section */
		1D6058850D05DD3D006BFB54 = {
			isa = PBXGroup;
			children = (
				1D6058860D05DD3D006BFB54 /* Legado */,
				1D60589F0D05DD3D006BFB54 /* Products */,
			);
			sourceTree = "<group>";
		};
		1D6058860D05DD3D006BFB54 = {
			isa = PBXGroup;
			children = (
				1D60588F0D05DD3D006BFB54 /* AppDelegate.swift */,
				1D6058910D05DD3D006BFB54 /* SceneDelegate.swift */,
				1D6058930D05DD3D006BFB54 /* ViewController.swift */,
				1D6058950D05DD3D006BFB54 /* Main.storyboard */,
				1D6058970D05DD3D006BFB54 /* LaunchScreen.storyboard */,
				1D6058990D05DD3D006BFB54 /* Info.plist */,
			);
			path = Legado;
			sourceTree = "<group>";
		};
		1D60589F0D05DD3D006BFB54 /* Products */ = {
			isa = PBXGroup;
			children = (
				1D60588E0D05DD3D006BFB54 /* Legado.app */,
			);
			sourceTree = "<group>";
		};
/* End PBXGroup section */

/* Begin PBXNativeTarget section */
		1D6058870D05DD3D006BFB54 /* Legado */ = {
			isa = PBXNativeTarget;
			buildConfigurationList = 1D60589E0D05DD3D006BFB54 /* Build configuration list for PBXNativeTarget "Legado" */;
			buildPhases = (
				1D60588B0D05DD3D006BFB54 /* Sources */,
				1D60588C0D05DD3D006BFB54 /* Frameworks */,
				1D60588D05DD3D006BFB54 /* Resources */,
			);
			buildRules = (
			);
			dependencies = (
			);
			name = Legado;
			productName = Legado;
			productReference = 1D60588E0D05DD3D006BFB54 /* Legado.app */;
			productType = "com.apple.product-type.application";
		};
/* End PBXNativeTarget section */

/* Begin PBXProject section */
		1D6058840D05DD3D006BFB54 /* Project object */ = {
			isa = PBXProject;
			attributes = {
				LastSwiftUpdateCheck = 1530;
				LastUpgradeCheck = 1530;
				ORGANIZATIONNAME = "";
				TargetAttributes = {
					1D6058870D05DD3D006BFB54 = {
						CreatedOnToolsVersion = 15.3;
					};
				};
			};
			buildConfigurationList = 1D60588A0D05DD3D006BFB54 /* Build configuration list for PBXProject "Legado" */;
			compatibilityVersion = "Xcode 14.0";
			developmentRegion = en;
			hasScannedForEncodings = 0;
			knownRegions = (
				en,
				Base,
			);
			mainGroup = 1D6058850D05DD3D006BFB54;
			productRefGroup = 1D60589F0D05DD3D006BFB54 /* Products */;
			projectDirPath = "";
			projectRoot = "";
			targets = (
				1D6058870D05DD3D006BFB54 /* Legado */,
			);
		};
/* End PBXProject section */

/* Begin PBXSourcesBuildPhase section */
		1D60588B0D05DD3D006BFB54 /* Sources */ = {
			isa = PBXSourcesBuildPhase;
			buildActionMask = 2147483647;
			files = (
				1D6058900D05DD3D006BFB54 /* AppDelegate.swift in Sources */,
				1D6058920D05DD3D006BFB54 /* SceneDelegate.swift in Sources */,
				1D6058940D05DD3D006BFB54 /* ViewController.swift in Sources */,
			);
			runOnlyForDeploymentPostprocessing = 0;
		};
/* End PBXSourcesBuildPhase section */

/* Begin PBXResourcesBuildPhase section */
		1D60588D05DD3D006BFB54 /* Resources */ = {
			isa = PBXResourcesBuildPhase;
			buildActionMask = 2147483647;
			files = (
				1D6058960D05DD3D006BFB54 /* Main.storyboard in Resources */,
				1D6058980D05DD3D006BFB54 /* LaunchScreen.storyboard in Resources */,
			);
			runOnlyForDeploymentPostprocessing = 0;
		};
/* End PBXResourcesBuildPhase section */

/* Begin XCBuildConfiguration section */
		1D6058880D05DD3D006BFB54 /* Debug */ = {
			isa = XCBuildConfiguration;
			buildSettings = {
				CODE_SIGN_STYLE = Automatic;
				CURRENT_PROJECT_VERSION = 1;
				DEVELOPMENT_TEAM = "";
				GENERATE_INFOPLIST_FILE = NO;
				INFOPLIST_FILE = Legado/Info.plist;
				MARKETING_VERSION = 1.0;
				PRODUCT_BUNDLE_IDENTIFIER = io.legado.app;
				PRODUCT_NAME = "$(TARGET_NAME)";
				SWIFT_VERSION = 5.0;
				TARGETED_DEVICE_FAMILY = "1,2";
				IPHONEOS_DEPLOYMENT_TARGET = 15.0;
			};
			name = Debug;
		};
		1D6058890D05DD3D006BFB54 /* Release */ = {
			isa = XCBuildConfiguration;
			buildSettings = {
				CODE_SIGN_STYLE = Automatic;
				CURRENT_PROJECT_VERSION = 1;
				DEVELOPMENT_TEAM = "";
				GENERATE_INFOPLIST_FILE = NO;
				INFOPLIST_FILE = Legado/Info.plist;
				MARKETING_VERSION = 1.0;
				PRODUCT_BUNDLE_IDENTIFIER = io.legado.app;
				PRODUCT_NAME = "$(TARGET_NAME)";
				SWIFT_VERSION = 5.0;
				TARGETED_DEVICE_FAMILY = "1,2";
				IPHONEOS_DEPLOYMENT_TARGET = 15.0;
			};
			name = Release;
		};
		1D60589C0D05DD3D006BFB54 /* Debug */ = {
			isa = XCBuildConfiguration;
			buildSettings = {
				CODE_SIGN_STYLE = Automatic;
				CURRENT_PROJECT_VERSION = 1;
				DEVELOPMENT_TEAM = "";
				GENERATE_INFOPLIST_FILE = NO;
				INFOPLIST_FILE = Legado/Info.plist;
				MARKETING_VERSION = 1.0;
				PRODUCT_BUNDLE_IDENTIFIER = io.legado.app;
				PRODUCT_NAME = "$(TARGET_NAME)";
				SWIFT_VERSION = 5.0;
				TARGETED_DEVICE_FAMILY = "1,2";
				IPHONEOS_DEPLOYMENT_TARGET = 15.0;
			};
			name = Debug;
		};
		1D60589D05DD3D006BFB54 /* Release */ = {
			isa = XCBuildConfiguration;
			buildSettings = {
				CODE_SIGN_STYLE = Automatic;
				CURRENT_PROJECT_VERSION = 1;
				DEVELOPMENT_TEAM = "";
				GENERATE_INFOPLIST_FILE = NO;
				INFOPLIST_FILE = Legado/Info.plist;
				MARKETING_VERSION = 1.0;
				PRODUCT_BUNDLE_IDENTIFIER = io.legado.app;
				PRODUCT_NAME = "$(TARGET_NAME)";
				SWIFT_VERSION = 5.0;
				TARGETED_DEVICE_FAMILY = "1,2";
				IPHONEOS_DEPLOYMENT_TARGET = 15.0;
			};
			name = Release;
		};
/* End XCBuildConfiguration section */

/* Begin XCConfigurationList section */
		1D60588A0D05DD3D006BFB54 /* Build configuration list for PBXProject "Legado" */ = {
			isa = XCConfigurationList;
			buildConfigurations = (
				1D6058880D05DD3D006BFB54 /* Debug */,
				1D6058890D05DD3D006BFB54 /* Release */,
			);
			defaultConfigurationIsVisible = 0;
			defaultConfigurationName = Release;
		};
		1D60589E0D05DD3D006BFB54 /* Build configuration list for PBXNativeTarget "Legado" */ = {
			isa = XCConfigurationList;
			buildConfigurations = (
				1D60589C0D05DD3D006BFB54 /* Debug */,
				1D60589D05DD3D006BFB54 /* Release */,
			);
			defaultConfigurationIsVisible = 0;
			defaultConfigurationName = Release;
		};
/* End XCConfigurationList section */

	};
	rootObject = 1D6058840D05DD3D006BFB54 /* Project object */;
}
